{
  "version": 4,
  "terraform_version": "1.1.9",
  "serial": 1,
  "lineage": "1aeb1eae-1d15-7068-cec2-00b251c36f6a",
  "outputs": {},
  "resources": [
    {
      "mode": "data",
      "type": "spacelift_space",
      "name": "coretek",
      "provider": "provider[\"registry.terraform.io/spacelift-io/spacelift\"]",
      "instances": [
        {
          "schema_version": 0,
          "attributes": {
            "description": "Coretek Services Parent Space",
            "id": "coretek-01GQJRAZECDBC22SSWT4HYCA4W",
            "inherit_entities": true,
            "labels": [
              "developers-are-writers"
            ],
            "name": "Coretek",
            "parent_space_id": "root",
            "space_id": "coretek-01GQJRAZECDBC22SSWT4HYCA4W"
          },
          "sensitive_attributes": []
        }
      ]
    },
    {
      "mode": "managed",
      "type": "spacelift_space",
      "name": "modules",
      "provider": "provider[\"registry.terraform.io/spacelift-io/spacelift\"]",
      "instances": [
        {
          "schema_version": 0,
          "attributes": {
            "description": "",
            "id": "coretek-modules-01GQN42V7KSXMJMXEXZZY9YABK",
            "inherit_entities": true,
            "labels": null,
            "name": "coretek-modules",
            "parent_space_id": "coretek-01GQJRAZECDBC22SSWT4HYCA4W"
          },
          "sensitive_attributes": [],
          "private": "bnVsbA==",
          "dependencies": [
            "data.spacelift_space.coretek"
          ]
        }
      ]
    }
  ]
}
